
Microsoft Visual Studio Solution File, Format Version 12.00
# Visual Studio Version 17
VisualStudioVersion = 17.5.2.0
MinimumVisualStudioVersion = 10.0.40219.1
Project("{2150E333-8FDC-42A3-9474-1A3956D46DE8}") = "src", "src", "{827E0CD3-B72D-47B6-A68D-7590B98EB39B}"
EndProject
Project("{FAE04EC0-301F-11D3-BF4B-00C04F79EFBC}") = "MyService.Api", "src\MyService.Api\MyService.Api.csproj", "{FF8E92CB-DE3C-85E4-D551-321BE90B9688}"
EndProject
Project("{FAE04EC0-301F-11D3-BF4B-00C04F79EFBC}") = "MyService.Application", "src\MyService.Application\MyService.Application.csproj", "{9DAC904E-0ACC-896E-F190-D8D9CA0D333C}"
EndProject
Project("{FAE04EC0-301F-11D3-BF4B-00C04F79EFBC}") = "MyService.Domain", "src\MyService.Domain\MyService.Domain.csproj", "{3453DFE5-1A28-E5B9-890C-A994EDC6BAD8}"
EndProject
Project("{FAE04EC0-301F-11D3-BF4B-00C04F79EFBC}") = "MyService.Infrastructure", "src\MyService.Infrastructure\MyService.Infrastructure.csproj", "{73128EFB-4D4E-35A7-3AE4-20EC6E4B3041}"
EndProject
Project("{FAE04EC0-301F-11D3-BF4B-00C04F79EFBC}") = "MyService.Orchestration", "src\MyService.Orchestration\MyService.Orchestration.csproj", "{405416F7-3D36-4C3A-B8E3-014DABD385F7}"
EndProject
Project("{2150E333-8FDC-42A3-9474-1A3956D46DE8}") = "tests", "tests", "{0AB3BF05-4346-4AA6-1389-037BE0695223}"
EndProject
Project("{FAE04EC0-301F-11D3-BF4B-00C04F79EFBC}") = "MyService.Tests", "tests\MyService.Tests\MyService.Tests.csproj", "{147D5C76-CD5B-4053-BAD1-EB5BA9EC1ABB}"
EndProject
Project("{FAE04EC0-301F-11D3-BF4B-00C04F79EFBC}") = "MyService.ServiceDefaults", "src\MyService.ServiceDefaults\MyService.ServiceDefaults.csproj", "{8CD7B9BE-3032-44E8-93B1-5108CF3EB60B}"
EndProject
Global
	GlobalSection(SolutionConfigurationPlatforms) = preSolution
		Debug|Any CPU = Debug|Any CPU
		Debug|x64 = Debug|x64
		Debug|x86 = Debug|x86
		Release|Any CPU = Release|Any CPU
		Release|x64 = Release|x64
		Release|x86 = Release|x86
	EndGlobalSection
	GlobalSection(ProjectConfigurationPlatforms) = postSolution
		{FF8E92CB-DE3C-85E4-D551-321BE90B9688}.Debug|Any CPU.ActiveCfg = Debug|Any CPU
		{FF8E92CB-DE3C-85E4-D551-321BE90B9688}.Debug|Any CPU.Build.0 = Debug|Any CPU
		{FF8E92CB-DE3C-85E4-D551-321BE90B9688}.Debug|x64.ActiveCfg = Debug|Any CPU
		{FF8E92CB-DE3C-85E4-D551-321BE90B9688}.Debug|x64.Build.0 = Debug|Any CPU
		{FF8E92CB-DE3C-85E4-D551-321BE90B9688}.Debug|x86.ActiveCfg = Debug|Any CPU
		{FF8E92CB-DE3C-85E4-D551-321BE90B9688}.Debug|x86.Build.0 = Debug|Any CPU
		{FF8E92CB-DE3C-85E4-D551-321BE90B9688}.Release|Any CPU.ActiveCfg = Release|Any CPU
		{FF8E92CB-DE3C-85E4-D551-321BE90B9688}.Release|Any CPU.Build.0 = Release|Any CPU
		{FF8E92CB-DE3C-85E4-D551-321BE90B9688}.Release|x64.ActiveCfg = Release|Any CPU
		{FF8E92CB-DE3C-85E4-D551-321BE90B9688}.Release|x64.Build.0 = Release|Any CPU
		{FF8E92CB-DE3C-85E4-D551-321BE90B9688}.Release|x86.ActiveCfg = Release|Any CPU
		{FF8E92CB-DE3C-85E4-D551-321BE90B9688}.Release|x86.Build.0 = Release|Any CPU
		{9DAC904E-0ACC-896E-F190-D8D9CA0D333C}.Debug|Any CPU.ActiveCfg = Debug|Any CPU
		{9DAC904E-0ACC-896E-F190-D8D9CA0D333C}.Debug|Any CPU.Build.0 = Debug|Any CPU
		{9DAC904E-0ACC-896E-F190-D8D9CA0D333C}.Debug|x64.ActiveCfg = Debug|Any CPU
		{9DAC904E-0ACC-896E-F190-D8D9CA0D333C}.Debug|x64.Build.0 = Debug|Any CPU
		{9DAC904E-0ACC-896E-F190-D8D9CA0D333C}.Debug|x86.ActiveCfg = Debug|Any CPU
		{9DAC904E-0ACC-896E-F190-D8D9CA0D333C}.Debug|x86.Build.0 = Debug|Any CPU
		{9DAC904E-0ACC-896E-F190-D8D9CA0D333C}.Release|Any CPU.ActiveCfg = Release|Any CPU
		{9DAC904E-0ACC-896E-F190-D8D9CA0D333C}.Release|Any CPU.Build.0 = Release|Any CPU
		{9DAC904E-0ACC-896E-F190-D8D9CA0D333C}.Release|x64.ActiveCfg = Release|Any CPU
		{9DAC904E-0ACC-896E-F190-D8D9CA0D333C}.Release|x64.Build.0 = Release|Any CPU
		{9DAC904E-0ACC-896E-F190-D8D9CA0D333C}.Release|x86.ActiveCfg = Release|Any CPU
		{9DAC904E-0ACC-896E-F190-D8D9CA0D333C}.Release|x86.Build.0 = Release|Any CPU
		{3453DFE5-1A28-E5B9-890C-A994EDC6BAD8}.Debug|Any CPU.ActiveCfg = Debug|Any CPU
		{3453DFE5-1A28-E5B9-890C-A994EDC6BAD8}.Debug|Any CPU.Build.0 = Debug|Any CPU
		{3453DFE5-1A28-E5B9-890C-A994EDC6BAD8}.Debug|x64.ActiveCfg = Debug|Any CPU
		{3453DFE5-1A28-E5B9-890C-A994EDC6BAD8}.Debug|x64.Build.0 = Debug|Any CPU
		{3453DFE5-1A28-E5B9-890C-A994EDC6BAD8}.Debug|x86.ActiveCfg = Debug|Any CPU
		{3453DFE5-1A28-E5B9-890C-A994EDC6BAD8}.Debug|x86.Build.0 = Debug|Any CPU
		{3453DFE5-1A28-E5B9-890C-A994EDC6BAD8}.Release|Any CPU.ActiveCfg = Release|Any CPU
		{3453DFE5-1A28-E5B9-890C-A994EDC6BAD8}.Release|Any CPU.Build.0 = Release|Any CPU
		{3453DFE5-1A28-E5B9-890C-A994EDC6BAD8}.Release|x64.ActiveCfg = Release|Any CPU
		{3453DFE5-1A28-E5B9-890C-A994EDC6BAD8}.Release|x64.Build.0 = Release|Any CPU
		{3453DFE5-1A28-E5B9-890C-A994EDC6BAD8}.Release|x86.ActiveCfg = Release|Any CPU
		{3453DFE5-1A28-E5B9-890C-A994EDC6BAD8}.Release|x86.Build.0 = Release|Any CPU
		{73128EFB-4D4E-35A7-3AE4-20EC6E4B3041}.Debug|Any CPU.ActiveCfg = Debug|Any CPU
		{73128EFB-4D4E-35A7-3AE4-20EC6E4B3041}.Debug|Any CPU.Build.0 = Debug|Any CPU
		{73128EFB-4D4E-35A7-3AE4-20EC6E4B3041}.Debug|x64.ActiveCfg = Debug|Any CPU
		{73128EFB-4D4E-35A7-3AE4-20EC6E4B3041}.Debug|x64.Build.0 = Debug|Any CPU
		{73128EFB-4D4E-35A7-3AE4-20EC6E4B3041}.Debug|x86.ActiveCfg = Debug|Any CPU
		{73128EFB-4D4E-35A7-3AE4-20EC6E4B3041}.Debug|x86.Build.0 = Debug|Any CPU
		{73128EFB-4D4E-35A7-3AE4-20EC6E4B3041}.Release|Any CPU.ActiveCfg = Release|Any CPU
		{73128EFB-4D4E-35A7-3AE4-20EC6E4B3041}.Release|Any CPU.Build.0 = Release|Any CPU
		{73128EFB-4D4E-35A7-3AE4-20EC6E4B3041}.Release|x64.ActiveCfg = Release|Any CPU
		{73128EFB-4D4E-35A7-3AE4-20EC6E4B3041}.Release|x64.Build.0 = Release|Any CPU
		{73128EFB-4D4E-35A7-3AE4-20EC6E4B3041}.Release|x86.ActiveCfg = Release|Any CPU
		{73128EFB-4D4E-35A7-3AE4-20EC6E4B3041}.Release|x86.Build.0 = Release|Any CPU
		{405416F7-3D36-4C3A-B8E3-014DABD385F7}.Debug|Any CPU.ActiveCfg = Debug|Any CPU
		{405416F7-3D36-4C3A-B8E3-014DABD385F7}.Debug|Any CPU.Build.0 = Debug|Any CPU
		{405416F7-3D36-4C3A-B8E3-014DABD385F7}.Debug|x64.ActiveCfg = Debug|Any CPU
		{405416F7-3D36-4C3A-B8E3-014DABD385F7}.Debug|x64.Build.0 = Debug|Any CPU
		{405416F7-3D36-4C3A-B8E3-014DABD385F7}.Debug|x86.ActiveCfg = Debug|Any CPU
		{405416F7-3D36-4C3A-B8E3-014DABD385F7}.Debug|x86.Build.0 = Debug|Any CPU
		{405416F7-3D36-4C3A-B8E3-014DABD385F7}.Release|Any CPU.ActiveCfg = Release|Any CPU
		{405416F7-3D36-4C3A-B8E3-014DABD385F7}.Release|Any CPU.Build.0 = Release|Any CPU
		{405416F7-3D36-4C3A-B8E3-014DABD385F7}.Release|x64.ActiveCfg = Release|Any CPU
		{405416F7-3D36-4C3A-B8E3-014DABD385F7}.Release|x64.Build.0 = Release|Any CPU
		{405416F7-3D36-4C3A-B8E3-014DABD385F7}.Release|x86.ActiveCfg = Release|Any CPU
		{405416F7-3D36-4C3A-B8E3-014DABD385F7}.Release|x86.Build.0 = Release|Any CPU
		{147D5C76-CD5B-4053-BAD1-EB5BA9EC1ABB}.Debug|Any CPU.ActiveCfg = Debug|Any CPU
		{147D5C76-CD5B-4053-BAD1-EB5BA9EC1ABB}.Debug|Any CPU.Build.0 = Debug|Any CPU
		{147D5C76-CD5B-4053-BAD1-EB5BA9EC1ABB}.Debug|x64.ActiveCfg = Debug|Any CPU
		{147D5C76-CD5B-4053-BAD1-EB5BA9EC1ABB}.Debug|x64.Build.0 = Debug|Any CPU
		{147D5C76-CD5B-4053-BAD1-EB5BA9EC1ABB}.Debug|x86.ActiveCfg = Debug|Any CPU
		{147D5C76-CD5B-4053-BAD1-EB5BA9EC1ABB}.Debug|x86.Build.0 = Debug|Any CPU
		{147D5C76-CD5B-4053-BAD1-EB5BA9EC1ABB}.Release|Any CPU.ActiveCfg = Release|Any CPU
		{147D5C76-CD5B-4053-BAD1-EB5BA9EC1ABB}.Release|Any CPU.Build.0 = Release|Any CPU
		{147D5C76-CD5B-4053-BAD1-EB5BA9EC1ABB}.Release|x64.ActiveCfg = Release|Any CPU
		{147D5C76-CD5B-4053-BAD1-EB5BA9EC1ABB}.Release|x64.Build.0 = Release|Any CPU
		{147D5C76-CD5B-4053-BAD1-EB5BA9EC1ABB}.Release|x86.ActiveCfg = Release|Any CPU
		{147D5C76-CD5B-4053-BAD1-EB5BA9EC1ABB}.Release|x86.Build.0 = Release|Any CPU
		{8CD7B9BE-3032-44E8-93B1-5108CF3EB60B}.Debug|Any CPU.ActiveCfg = Debug|Any CPU
		{8CD7B9BE-3032-44E8-93B1-5108CF3EB60B}.Debug|Any CPU.Build.0 = Debug|Any CPU
		{8CD7B9BE-3032-44E8-93B1-5108CF3EB60B}.Debug|x64.ActiveCfg = Debug|Any CPU
		{8CD7B9BE-3032-44E8-93B1-5108CF3EB60B}.Debug|x64.Build.0 = Debug|Any CPU
		{8CD7B9BE-3032-44E8-93B1-5108CF3EB60B}.Debug|x86.ActiveCfg = Debug|Any CPU
		{8CD7B9BE-3032-44E8-93B1-5108CF3EB60B}.Debug|x86.Build.0 = Debug|Any CPU
		{8CD7B9BE-3032-44E8-93B1-5108CF3EB60B}.Release|Any CPU.ActiveCfg = Release|Any CPU
		{8CD7B9BE-3032-44E8-93B1-5108CF3EB60B}.Release|Any CPU.Build.0 = Release|Any CPU
		{8CD7B9BE-3032-44E8-93B1-5108CF3EB60B}.Release|x64.ActiveCfg = Release|Any CPU
		{8CD7B9BE-3032-44E8-93B1-5108CF3EB60B}.Release|x64.Build.0 = Release|Any CPU
		{8CD7B9BE-3032-44E8-93B1-5108CF3EB60B}.Release|x86.ActiveCfg = Release|Any CPU
		{8CD7B9BE-3032-44E8-93B1-5108CF3EB60B}.Release|x86.Build.0 = Release|Any CPU
	EndGlobalSection
	GlobalSection(SolutionProperties) = preSolution
		HideSolutionNode = FALSE
	EndGlobalSection
	GlobalSection(NestedProjects) = preSolution
		{FF8E92CB-DE3C-85E4-D551-321BE90B9688} = {827E0CD3-B72D-47B6-A68D-7590B98EB39B}
		{9DAC904E-0ACC-896E-F190-D8D9CA0D333C} = {827E0CD3-B72D-47B6-A68D-7590B98EB39B}
		{3453DFE5-1A28-E5B9-890C-A994EDC6BAD8} = {827E0CD3-B72D-47B6-A68D-7590B98EB39B}
		{73128EFB-4D4E-35A7-3AE4-20EC6E4B3041} = {827E0CD3-B72D-47B6-A68D-7590B98EB39B}
		{405416F7-3D36-4C3A-B8E3-014DABD385F7} = {827E0CD3-B72D-47B6-A68D-7590B98EB39B}
		{147D5C76-CD5B-4053-BAD1-EB5BA9EC1ABB} = {0AB3BF05-4346-4AA6-1389-037BE0695223}
		{8CD7B9BE-3032-44E8-93B1-5108CF3EB60B} = {827E0CD3-B72D-47B6-A68D-7590B98EB39B}
	EndGlobalSection
	GlobalSection(ExtensibilityGlobals) = postSolution
		SolutionGuid = {C01C9A33-6967-456E-8025-4411D26CE1D9}
	EndGlobalSection
EndGlobal
